
Microsoft Visual Studio Solution File, Format Version 12.00
# Visual Studio Version 17
VisualStudioVersion = 17.7.34202.233
MinimumVisualStudioVersion = 10.0.40219.1
Project("{FAE04EC0-301F-11D3-BF4B-00C04F79EFBC}") = "KeyPressTask", "KeyPressTask\KeyPressTask.csproj", "{7F13BDF8-D074-432D-B253-FF7873DE039B}"
EndProject
Global
	GlobalSection(SolutionConfigurationPlatforms) = preSolution
		Debug|Any CPU = Debug|Any CPU
		Release|Any CPU = Release|Any CPU
	EndGlobalSection
	GlobalSection(ProjectConfigurationPlatforms) = postSolution
		{7F13BDF8-D074-432D-B253-FF7873DE039B}.Debug|Any CPU.ActiveCfg = Debug|Any CPU
		{7F13BDF8-D074-432D-B253-FF7873DE039B}.Debug|Any CPU.Build.0 = Debug|Any CPU
		{7F13BDF8-D074-432D-B253-FF7873DE039B}.Release|Any CPU.ActiveCfg = Release|Any CPU
		{7F13BDF8-D074-432D-B253-FF7873DE039B}.Release|Any CPU.Build.0 = Release|Any CPU
	EndGlobalSection
	GlobalSection(SolutionProperties) = preSolution
		HideSolutionNode = FALSE
	EndGlobalSection
	GlobalSection(ExtensibilityGlobals) = postSolution
		SolutionGuid = {AE7EED89-2164-4AB0-98AA-8040FD5E6C92}
	EndGlobalSection
EndGlobal
